
Microsoft Visual Studio Solution File, Format Version 12.00
# Visual Studio Version 17
VisualStudioVersion = 17.11.35312.102
MinimumVisualStudioVersion = 10.0.40219.1
Project("{FAE04EC0-301F-11D3-BF4B-00C04F79EFBC}") = "BlazorServerAppDemo", "BlazorServerAppDemo\BlazorServerAppDemo.csproj", "{511580A1-AC2A-4F20-BDB5-C91639903923}"
EndProject
Global
	GlobalSection(SolutionConfigurationPlatforms) = preSolution
		Debug|Any CPU = Debug|Any CPU
		Release|Any CPU = Release|Any CPU
	EndGlobalSection
	GlobalSection(ProjectConfigurationPlatforms) = postSolution
		{511580A1-AC2A-4F20-BDB5-C91639903923}.Debug|Any CPU.ActiveCfg = Debug|Any CPU
		{511580A1-AC2A-4F20-BDB5-C91639903923}.Debug|Any CPU.Build.0 = Debug|Any CPU
		{511580A1-AC2A-4F20-BDB5-C91639903923}.Release|Any CPU.ActiveCfg = Release|Any CPU
		{511580A1-AC2A-4F20-BDB5-C91639903923}.Release|Any CPU.Build.0 = Release|Any CPU
	EndGlobalSection
	GlobalSection(SolutionProperties) = preSolution
		HideSolutionNode = FALSE
	EndGlobalSection
	GlobalSection(ExtensibilityGlobals) = postSolution
		SolutionGuid = {CD7F1797-E6E3-4FAA-B201-F52B710AC841}
	EndGlobalSection
EndGlobal
